
Microsoft Visual Studio Solution File, Format Version 12.00
# Visual Studio Version 16
VisualStudioVersion = 16.0.31727.386
MinimumVisualStudioVersion = 10.0.40219.1
Project("{9A19103F-16F7-4668-BE54-9A1E7A4F7556}") = "sumOfPrimes", "sumOfPrimes\sumOfPrimes.csproj", "{2C926895-B927-4136-9864-DC1FD20D000E}"
EndProject
Project("{9A19103F-16F7-4668-BE54-9A1E7A4F7556}") = "3or5", "3or5\3or5.csproj", "{378D2848-8953-42E1-B2AD-24E938C7ECDC}"
EndProject
Project("{FAE04EC0-301F-11D3-BF4B-00C04F79EFBC}") = "Template", "Template\Template.csproj", "{4FD392E2-F9BD-4999-8854-6C696FCF973D}"
EndProject
Project("{FAE04EC0-301F-11D3-BF4B-00C04F79EFBC}") = "Degrees", "Degrees\Degrees.csproj", "{C7A8A03A-4DED-433A-9A92-CE0A3B657036}"
EndProject
Global
	GlobalSection(SolutionConfigurationPlatforms) = preSolution
		Debug|Any CPU = Debug|Any CPU
		Release|Any CPU = Release|Any CPU
	EndGlobalSection
	GlobalSection(ProjectConfigurationPlatforms) = postSolution
		{2C926895-B927-4136-9864-DC1FD20D000E}.Debug|Any CPU.ActiveCfg = Debug|Any CPU
		{2C926895-B927-4136-9864-DC1FD20D000E}.Debug|Any CPU.Build.0 = Debug|Any CPU
		{2C926895-B927-4136-9864-DC1FD20D000E}.Release|Any CPU.ActiveCfg = Release|Any CPU
		{2C926895-B927-4136-9864-DC1FD20D000E}.Release|Any CPU.Build.0 = Release|Any CPU
		{378D2848-8953-42E1-B2AD-24E938C7ECDC}.Debug|Any CPU.ActiveCfg = Debug|Any CPU
		{378D2848-8953-42E1-B2AD-24E938C7ECDC}.Debug|Any CPU.Build.0 = Debug|Any CPU
		{378D2848-8953-42E1-B2AD-24E938C7ECDC}.Release|Any CPU.ActiveCfg = Release|Any CPU
		{378D2848-8953-42E1-B2AD-24E938C7ECDC}.Release|Any CPU.Build.0 = Release|Any CPU
		{4FD392E2-F9BD-4999-8854-6C696FCF973D}.Debug|Any CPU.ActiveCfg = Debug|Any CPU
		{4FD392E2-F9BD-4999-8854-6C696FCF973D}.Debug|Any CPU.Build.0 = Debug|Any CPU
		{4FD392E2-F9BD-4999-8854-6C696FCF973D}.Release|Any CPU.ActiveCfg = Release|Any CPU
		{4FD392E2-F9BD-4999-8854-6C696FCF973D}.Release|Any CPU.Build.0 = Release|Any CPU
		{C7A8A03A-4DED-433A-9A92-CE0A3B657036}.Debug|Any CPU.ActiveCfg = Debug|Any CPU
		{C7A8A03A-4DED-433A-9A92-CE0A3B657036}.Debug|Any CPU.Build.0 = Debug|Any CPU
		{C7A8A03A-4DED-433A-9A92-CE0A3B657036}.Release|Any CPU.ActiveCfg = Release|Any CPU
		{C7A8A03A-4DED-433A-9A92-CE0A3B657036}.Release|Any CPU.Build.0 = Release|Any CPU
	EndGlobalSection
	GlobalSection(SolutionProperties) = preSolution
		HideSolutionNode = FALSE
	EndGlobalSection
	GlobalSection(ExtensibilityGlobals) = postSolution
		SolutionGuid = {AC148C76-AB8E-44EB-9960-6EC68F0D373E}
	EndGlobalSection
EndGlobal
